# akua.lock — machine-maintained. Never hand-edit.
# Regenerated by `akua add`, `akua pull`, `akua publish`, `akua update`.

version = 1

[[package]]
name = "k8s"
version = "1.31.2"
source = "oci://ghcr.io/kcl-lang/k8s"
digest = "sha256:10fc15caf52b9c40f9108b757afa3460e4f8973953277132c7553c65fc6d3450"
