# akua.lock — machine-maintained. Never hand-edit.
# Regenerated by `akua add`, `akua pull`, `akua publish`, `akua update`.

version = 1

[[package]]
name      = "nginx"
version   = "18.2.0"
source    = "oci://registry-1.docker.io/bitnamicharts/nginx"
digest    = "sha256:4b4e8f2c1d3e5a7b9c6d8e0f2a4b6c8d0e1f3a5b7c9d1e3f5a7b9c1d3e5f7a9b"
signature = "cosign:sigstore:bitnamicharts"
