# akua.lock — machine-maintained. Never hand-edit.
# Regenerated by `akua add`, `akua pull`, `akua publish`, `akua update`.
#
# Phase 2a (this revision) resolves local-path deps on the fly — their
# sha256 isn't serialized here yet. Writing path-dep digests into the
# lockfile is part of Phase 2 proper; OCI pull + cosign verify land
# Phase 2b + Phase 6.

version = 1
