# akua.lock — machine-maintained. Never hand-edit.
# Regenerated by `akua add`, `akua pull`, `akua publish`, `akua update`.

version = 1

[[package]]
name = "nginx"
version = "local"
source = "path+file://./vendor/nginx"
digest = "sha256:44c80950c7155816c3a8a74a4fdb75df2de16e86a243a10b0ec2bdf3a45bff3a"
